// !$*UTF8*$!
{
	archiveVersion = 1;
	classes = {
	};
	objectVersion = 77;
	objects = {

/* Begin PBXBuildFile section */
		07C89578B475DBCD46902CD0 /* OFL-Inter.txt in Resources */ = {isa = PBXBuildFile; fileRef = 99B6C004B6AFFE568FDC921D /* OFL-Inter.txt */; };
		0BEE6B7FA5A5CB0E0009012A /* ScanResultsView.swift in Sources */ = {isa = PBXBuildFile; fileRef = BC312E323D1AA8BC845B9586 /* ScanResultsView.swift */; };
		0CB9167F765EA66973058421 /* FullFlowTests.swift in Sources */ = {isa = PBXBuildFile; fileRef = 4649A9C92F828787DAD8072B /* FullFlowTests.swift */; };
		3041153E995AF10F2F7E9D58 /* HomeView.swift in Sources */ = {isa = PBXBuildFile; fileRef = 06450E23D9EDB156633EA77C /* HomeView.swift */; };
		3E6FB3FEF3B7C1A3E915C10B /* Fraunces-VF.ttf in Resources */ = {isa = PBXBuildFile; fileRef = 099524F39053B6663DEE0AAC /* Fraunces-VF.ttf */; };
		4062440FFC6DCA86654D8939 /* Inter-VF.ttf in Resources */ = {isa = PBXBuildFile; fileRef = 2C72FB2CD1B7A6174A26802F /* Inter-VF.ttf */; };
		44643CC11D621134CD350408 /* PrivacyInfo.xcprivacy in Resources */ = {isa = PBXBuildFile; fileRef = 3BC64F00BF1C93BE15538E24 /* PrivacyInfo.xcprivacy */; };
		60FE9D4D7AB785C26DF63105 /* QBColor.swift in Sources */ = {isa = PBXBuildFile; fileRef = 9384FB74E3A33CA371869251 /* QBColor.swift */; };
		7439304CBFEFFF837D8C061C /* ScanFlowView.swift in Sources */ = {isa = PBXBuildFile; fileRef = 6EB6846DE5E9B2075289B06A /* ScanFlowView.swift */; };
		7BA6ABB68CCAAA2309FAA0A0 /* QBPModels.swift in Sources */ = {isa = PBXBuildFile; fileRef = 8A4727792C58955E00859A01 /* QBPModels.swift */; };
		7BE40CA8333584918812FC3F /* OFL-Fraunces.txt in Resources */ = {isa = PBXBuildFile; fileRef = 47BBDE041309257B222D1614 /* OFL-Fraunces.txt */; };
		8BFC123685930A2CD7D61463 /* AppState.swift in Sources */ = {isa = PBXBuildFile; fileRef = 379D6886D3A74542C0F184AF /* AppState.swift */; };
		8F5710675A5F738D8FD5E9F4 /* QBBrandOSApp.swift in Sources */ = {isa = PBXBuildFile; fileRef = 206838F4488EBC60E7530600 /* QBBrandOSApp.swift */; };
		9A7AA0862D3F519AD3BDFFE2 /* QBAPI.swift in Sources */ = {isa = PBXBuildFile; fileRef = 7204D6D4238B16DCEBE4B961 /* QBAPI.swift */; };
		A18985CA5378FFC5DA6402FD /* OFL-JetBrainsMono.txt in Resources */ = {isa = PBXBuildFile; fileRef = 6C2150CF05939D0C0FA10664 /* OFL-JetBrainsMono.txt */; };
		A95DC29923B40AF2438001C7 /* Inter-Italic-VF.ttf in Resources */ = {isa = PBXBuildFile; fileRef = A18AB9AFF4A02080AF2CC42C /* Inter-Italic-VF.ttf */; };
		B377A3C7D192E960C5F857B4 /* OnboardingView.swift in Sources */ = {isa = PBXBuildFile; fileRef = 18E5043BACC2ACCD5F78747A /* OnboardingView.swift */; };
		B4B271BAF7227FBE1D3BB1D5 /* SystemView.swift in Sources */ = {isa = PBXBuildFile; fileRef = B084D0C791652855AC25A896 /* SystemView.swift */; };
		BCEFA2E12A135AD7F35B404E /* Assets.xcassets in Resources */ = {isa = PBXBuildFile; fileRef = A027B8B3A180CB76609F854D /* Assets.xcassets */; };
		BEDBBCA88B703A2E0C0D35EF /* ProfileView.swift in Sources */ = {isa = PBXBuildFile; fileRef = CDE381A727B9D07B5902488A /* ProfileView.swift */; };
		CB30FF61E959977E307E57CD /* Fraunces-Italic-VF.ttf in Resources */ = {isa = PBXBuildFile; fileRef = A59EADBEA8501589B5F00245 /* Fraunces-Italic-VF.ttf */; };
		CF52CC4C5A39A6EAF414D56F /* JetBrainsMono-VF.ttf in Resources */ = {isa = PBXBuildFile; fileRef = F18520926320218189378AFB /* JetBrainsMono-VF.ttf */; };
		D18CC41A38435BBE98B6AC0A /* QBMark.swift in Sources */ = {isa = PBXBuildFile; fileRef = 64DE5E96FB7758A1FEBF925B /* QBMark.swift */; };
		E16E0C39B877E5D6E5F91E5F /* QBComponents.swift in Sources */ = {isa = PBXBuildFile; fileRef = F7CE3591AA3040B13C97E50B /* QBComponents.swift */; };
		E9F034E6CBAB4B6A9182DFF9 /* ScanEngine.swift in Sources */ = {isa = PBXBuildFile; fileRef = 51A3A1FFAA5EF4EC4498FA6F /* ScanEngine.swift */; };
		ED12BB50099CA0E3A20ABD1A /* RootView.swift in Sources */ = {isa = PBXBuildFile; fileRef = 000FD2EE1D8404B1FC962B5B /* RootView.swift */; };
		EE7853F1A7A527730EACC3E6 /* QBFont.swift in Sources */ = {isa = PBXBuildFile; fileRef = 134432F53ECBB654159ABB94 /* QBFont.swift */; };
		EFA618EB91A9532A1C2A520A /* SettingsView.swift in Sources */ = {isa = PBXBuildFile; fileRef = 66297C18D7CF943914A29954 /* SettingsView.swift */; };
/* End PBXBuildFile section */

/* Begin PBXContainerItemProxy section */
		4E03B76A0780FA1CA32B0297 /* PBXContainerItemProxy */ = {
			isa = PBXContainerItemProxy;
			containerPortal = 7B5574C775AE72F485BD6D45 /* Project object */;
			proxyType = 1;
			remoteGlobalIDString = 63D5CFAFE5BA03583C3384DB;
			remoteInfo = QBBrandOS;
		};
/* End PBXContainerItemProxy section */

/* Begin PBXFileReference section */
		000FD2EE1D8404B1FC962B5B /* RootView.swift */ = {isa = PBXFileReference; lastKnownFileType = sourcecode.swift; path = RootView.swift; sourceTree = "<group>"; };
		06450E23D9EDB156633EA77C /* HomeView.swift */ = {isa = PBXFileReference; lastKnownFileType = sourcecode.swift; path = HomeView.swift; sourceTree = "<group>"; };
		099524F39053B6663DEE0AAC /* Fraunces-VF.ttf */ = {isa = PBXFileReference; lastKnownFileType = file; path = "Fraunces-VF.ttf"; sourceTree = "<group>"; };
		0DC167DF886EABE2E104779C /* QBBrandOSUITests.xctest */ = {isa = PBXFileReference; includeInIndex = 0; lastKnownFileType = wrapper.cfbundle; path = QBBrandOSUITests.xctest; sourceTree = BUILT_PRODUCTS_DIR; };
		134432F53ECBB654159ABB94 /* QBFont.swift */ = {isa = PBXFileReference; lastKnownFileType = sourcecode.swift; path = QBFont.swift; sourceTree = "<group>"; };
		18E5043BACC2ACCD5F78747A /* OnboardingView.swift */ = {isa = PBXFileReference; lastKnownFileType = sourcecode.swift; path = OnboardingView.swift; sourceTree = "<group>"; };
		206838F4488EBC60E7530600 /* QBBrandOSApp.swift */ = {isa = PBXFileReference; lastKnownFileType = sourcecode.swift; path = QBBrandOSApp.swift; sourceTree = "<group>"; };
		26CC2662B9793720B73E6EEE /* QBBrandOS.app */ = {isa = PBXFileReference; includeInIndex = 0; lastKnownFileType = wrapper.application; path = QBBrandOS.app; sourceTree = BUILT_PRODUCTS_DIR; };
		2C72FB2CD1B7A6174A26802F /* Inter-VF.ttf */ = {isa = PBXFileReference; lastKnownFileType = file; path = "Inter-VF.ttf"; sourceTree = "<group>"; };
		379D6886D3A74542C0F184AF /* AppState.swift */ = {isa = PBXFileReference; lastKnownFileType = sourcecode.swift; path = AppState.swift; sourceTree = "<group>"; };
		3BC64F00BF1C93BE15538E24 /* PrivacyInfo.xcprivacy */ = {isa = PBXFileReference; path = PrivacyInfo.xcprivacy; sourceTree = "<group>"; };
		4649A9C92F828787DAD8072B /* FullFlowTests.swift */ = {isa = PBXFileReference; lastKnownFileType = sourcecode.swift; path = FullFlowTests.swift; sourceTree = "<group>"; };
		47BBDE041309257B222D1614 /* OFL-Fraunces.txt */ = {isa = PBXFileReference; lastKnownFileType = text; path = "OFL-Fraunces.txt"; sourceTree = "<group>"; };
		51A3A1FFAA5EF4EC4498FA6F /* ScanEngine.swift */ = {isa = PBXFileReference; lastKnownFileType = sourcecode.swift; path = ScanEngine.swift; sourceTree = "<group>"; };
		64DE5E96FB7758A1FEBF925B /* QBMark.swift */ = {isa = PBXFileReference; lastKnownFileType = sourcecode.swift; path = QBMark.swift; sourceTree = "<group>"; };
		66297C18D7CF943914A29954 /* SettingsView.swift */ = {isa = PBXFileReference; lastKnownFileType = sourcecode.swift; path = SettingsView.swift; sourceTree = "<group>"; };
		6C2150CF05939D0C0FA10664 /* OFL-JetBrainsMono.txt */ = {isa = PBXFileReference; lastKnownFileType = text; path = "OFL-JetBrainsMono.txt"; sourceTree = "<group>"; };
		6EB6846DE5E9B2075289B06A /* ScanFlowView.swift */ = {isa = PBXFileReference; lastKnownFileType = sourcecode.swift; path = ScanFlowView.swift; sourceTree = "<group>"; };
		7204D6D4238B16DCEBE4B961 /* QBAPI.swift */ = {isa = PBXFileReference; lastKnownFileType = sourcecode.swift; path = QBAPI.swift; sourceTree = "<group>"; };
		8A4727792C58955E00859A01 /* QBPModels.swift */ = {isa = PBXFileReference; lastKnownFileType = sourcecode.swift; path = QBPModels.swift; sourceTree = "<group>"; };
		9384FB74E3A33CA371869251 /* QBColor.swift */ = {isa = PBXFileReference; lastKnownFileType = sourcecode.swift; path = QBColor.swift; sourceTree = "<group>"; };
		99B6C004B6AFFE568FDC921D /* OFL-Inter.txt */ = {isa = PBXFileReference; lastKnownFileType = text; path = "OFL-Inter.txt"; sourceTree = "<group>"; };
		A027B8B3A180CB76609F854D /* Assets.xcassets */ = {isa = PBXFileReference; lastKnownFileType = folder.assetcatalog; path = Assets.xcassets; sourceTree = "<group>"; };
		A18AB9AFF4A02080AF2CC42C /* Inter-Italic-VF.ttf */ = {isa = PBXFileReference; lastKnownFileType = file; path = "Inter-Italic-VF.ttf"; sourceTree = "<group>"; };
		A59EADBEA8501589B5F00245 /* Fraunces-Italic-VF.ttf */ = {isa = PBXFileReference; lastKnownFileType = file; path = "Fraunces-Italic-VF.ttf"; sourceTree = "<group>"; };
		B084D0C791652855AC25A896 /* SystemView.swift */ = {isa = PBXFileReference; lastKnownFileType = sourcecode.swift; path = SystemView.swift; sourceTree = "<group>"; };
		BC312E323D1AA8BC845B9586 /* ScanResultsView.swift */ = {isa = PBXFileReference; lastKnownFileType = sourcecode.swift; path = ScanResultsView.swift; sourceTree = "<group>"; };
		CDE381A727B9D07B5902488A /* ProfileView.swift */ = {isa = PBXFileReference; lastKnownFileType = sourcecode.swift; path = ProfileView.swift; sourceTree = "<group>"; };
		DDE831F509BC11647192A136 /* Info.plist */ = {isa = PBXFileReference; lastKnownFileType = text.plist; path = Info.plist; sourceTree = "<group>"; };
		F18520926320218189378AFB /* JetBrainsMono-VF.ttf */ = {isa = PBXFileReference; lastKnownFileType = file; path = "JetBrainsMono-VF.ttf"; sourceTree = "<group>"; };
		F7CE3591AA3040B13C97E50B /* QBComponents.swift */ = {isa = PBXFileReference; lastKnownFileType = sourcecode.swift; path = QBComponents.swift; sourceTree = "<group>"; };
/* End PBXFileReference section */

/* Begin PBXGroup section */
		026AFCCD6F29660E7D46903F /* Settings */ = {
			isa = PBXGroup;
			children = (
				66297C18D7CF943914A29954 /* SettingsView.swift */,
			);
			path = Settings;
			sourceTree = "<group>";
		};
		04AA7976E2C54374E280AD28 /* Onboarding */ = {
			isa = PBXGroup;
			children = (
				18E5043BACC2ACCD5F78747A /* OnboardingView.swift */,
			);
			path = Onboarding;
			sourceTree = "<group>";
		};
		0A95E6A3F0DE8297B241A1FD /* Models */ = {
			isa = PBXGroup;
			children = (
				8A4727792C58955E00859A01 /* QBPModels.swift */,
				51A3A1FFAA5EF4EC4498FA6F /* ScanEngine.swift */,
			);
			path = Models;
			sourceTree = "<group>";
		};
		1055A6344050632CC00452B8 /* Products */ = {
			isa = PBXGroup;
			children = (
				26CC2662B9793720B73E6EEE /* QBBrandOS.app */,
				0DC167DF886EABE2E104779C /* QBBrandOSUITests.xctest */,
			);
			name = Products;
			sourceTree = "<group>";
		};
		1588C5F6A92CC7137BA6BD59 /* System */ = {
			isa = PBXGroup;
			children = (
				B084D0C791652855AC25A896 /* SystemView.swift */,
			);
			path = System;
			sourceTree = "<group>";
		};
		2EE0F7BC65D779F08CA7EBAB /* Profile */ = {
			isa = PBXGroup;
			children = (
				CDE381A727B9D07B5902488A /* ProfileView.swift */,
			);
			path = Profile;
			sourceTree = "<group>";
		};
		3BF7FD1203579E46AC0A0EE2 /* App */ = {
			isa = PBXGroup;
			children = (
				379D6886D3A74542C0F184AF /* AppState.swift */,
				206838F4488EBC60E7530600 /* QBBrandOSApp.swift */,
			);
			path = App;
			sourceTree = "<group>";
		};
		74827F6D476EC2EECFA16C41 /* QBBrandOS */ = {
			isa = PBXGroup;
			children = (
				DDE831F509BC11647192A136 /* Info.plist */,
				3BF7FD1203579E46AC0A0EE2 /* App */,
				9694C6B53BAA7C8FF2C15D80 /* Features */,
				0A95E6A3F0DE8297B241A1FD /* Models */,
				C3EE47B89F257DB69BECF94A /* Resources */,
				C41E1B46038FA7984636F997 /* Services */,
				D0F83B7F48424BB841138F73 /* Theme */,
			);
			path = QBBrandOS;
			sourceTree = "<group>";
		};
		8078ED716B16A93C863DD7E5 /* Fonts */ = {
			isa = PBXGroup;
			children = (
				A59EADBEA8501589B5F00245 /* Fraunces-Italic-VF.ttf */,
				099524F39053B6663DEE0AAC /* Fraunces-VF.ttf */,
				A18AB9AFF4A02080AF2CC42C /* Inter-Italic-VF.ttf */,
				2C72FB2CD1B7A6174A26802F /* Inter-VF.ttf */,
				F18520926320218189378AFB /* JetBrainsMono-VF.ttf */,
				47BBDE041309257B222D1614 /* OFL-Fraunces.txt */,
				99B6C004B6AFFE568FDC921D /* OFL-Inter.txt */,
				6C2150CF05939D0C0FA10664 /* OFL-JetBrainsMono.txt */,
			);
			path = Fonts;
			sourceTree = "<group>";
		};
		88539EDAA0B1E986D6BB888A = {
			isa = PBXGroup;
			children = (
				74827F6D476EC2EECFA16C41 /* QBBrandOS */,
				E71C7CCBD98D13EE8AC6C9F9 /* QBBrandOSUITests */,
				1055A6344050632CC00452B8 /* Products */,
			);
			sourceTree = "<group>";
		};
		9694C6B53BAA7C8FF2C15D80 /* Features */ = {
			isa = PBXGroup;
			children = (
				000FD2EE1D8404B1FC962B5B /* RootView.swift */,
				EE46C6B36FA3B5122206F150 /* Home */,
				04AA7976E2C54374E280AD28 /* Onboarding */,
				2EE0F7BC65D779F08CA7EBAB /* Profile */,
				D18910CC524EF39ADB9355C7 /* Scan */,
				026AFCCD6F29660E7D46903F /* Settings */,
				1588C5F6A92CC7137BA6BD59 /* System */,
			);
			path = Features;
			sourceTree = "<group>";
		};
		C3EE47B89F257DB69BECF94A /* Resources */ = {
			isa = PBXGroup;
			children = (
				A027B8B3A180CB76609F854D /* Assets.xcassets */,
				3BC64F00BF1C93BE15538E24 /* PrivacyInfo.xcprivacy */,
				8078ED716B16A93C863DD7E5 /* Fonts */,
			);
			path = Resources;
			sourceTree = "<group>";
		};
		C41E1B46038FA7984636F997 /* Services */ = {
			isa = PBXGroup;
			children = (
				7204D6D4238B16DCEBE4B961 /* QBAPI.swift */,
			);
			path = Services;
			sourceTree = "<group>";
		};
		D0F83B7F48424BB841138F73 /* Theme */ = {
			isa = PBXGroup;
			children = (
				9384FB74E3A33CA371869251 /* QBColor.swift */,
				F7CE3591AA3040B13C97E50B /* QBComponents.swift */,
				134432F53ECBB654159ABB94 /* QBFont.swift */,
				64DE5E96FB7758A1FEBF925B /* QBMark.swift */,
			);
			path = Theme;
			sourceTree = "<group>";
		};
		D18910CC524EF39ADB9355C7 /* Scan */ = {
			isa = PBXGroup;
			children = (
				6EB6846DE5E9B2075289B06A /* ScanFlowView.swift */,
				BC312E323D1AA8BC845B9586 /* ScanResultsView.swift */,
			);
			path = Scan;
			sourceTree = "<group>";
		};
		E71C7CCBD98D13EE8AC6C9F9 /* QBBrandOSUITests */ = {
			isa = PBXGroup;
			children = (
				4649A9C92F828787DAD8072B /* FullFlowTests.swift */,
			);
			path = QBBrandOSUITests;
			sourceTree = "<group>";
		};
		EE46C6B36FA3B5122206F150 /* Home */ = {
			isa = PBXGroup;
			children = (
				06450E23D9EDB156633EA77C /* HomeView.swift */,
			);
			path = Home;
			sourceTree = "<group>";
		};
/* End PBXGroup section */

/* Begin PBXNativeTarget section */
		63D5CFAFE5BA03583C3384DB /* QBBrandOS */ = {
			isa = PBXNativeTarget;
			buildConfigurationList = F85A44547A579D52E929259E /* Build configuration list for PBXNativeTarget "QBBrandOS" */;
			buildPhases = (
				506C80C83442E1DE015A1F20 /* Sources */,
				9F47757621C9508C5B1CB4AD /* Resources */,
			);
			buildRules = (
			);
			dependencies = (
			);
			name = QBBrandOS;
			packageProductDependencies = (
			);
			productName = QBBrandOS;
			productReference = 26CC2662B9793720B73E6EEE /* QBBrandOS.app */;
			productType = "com.apple.product-type.application";
		};
		B36F6E50881D78008A9D2126 /* QBBrandOSUITests */ = {
			isa = PBXNativeTarget;
			buildConfigurationList = 6FE3F5B428E8D96945EA639F /* Build configuration list for PBXNativeTarget "QBBrandOSUITests" */;
			buildPhases = (
				5A7D2F10D53A381BD9F5F7A6 /* Sources */,
			);
			buildRules = (
			);
			dependencies = (
				BD2E4178BC34DF733E8F31C0 /* PBXTargetDependency */,
			);
			name = QBBrandOSUITests;
			packageProductDependencies = (
			);
			productName = QBBrandOSUITests;
			productReference = 0DC167DF886EABE2E104779C /* QBBrandOSUITests.xctest */;
			productType = "com.apple.product-type.bundle.ui-testing";
		};
/* End PBXNativeTarget section */

/* Begin PBXProject section */
		7B5574C775AE72F485BD6D45 /* Project object */ = {
			isa = PBXProject;
			attributes = {
				BuildIndependentTargetsInParallel = YES;
				LastUpgradeCheck = 2600;
				TargetAttributes = {
					63D5CFAFE5BA03583C3384DB = {
						ProvisioningStyle = Automatic;
					};
					B36F6E50881D78008A9D2126 = {
						ProvisioningStyle = Automatic;
						TestTargetID = 63D5CFAFE5BA03583C3384DB;
					};
				};
			};
			buildConfigurationList = 9A71E133BFFCA2AED7BBADE2 /* Build configuration list for PBXProject "QBBrandOS" */;
			developmentRegion = en;
			hasScannedForEncodings = 0;
			knownRegions = (
				Base,
				en,
			);
			mainGroup = 88539EDAA0B1E986D6BB888A;
			minimizedProjectReferenceProxies = 1;
			preferredProjectObjectVersion = 77;
			productRefGroup = 1055A6344050632CC00452B8 /* Products */;
			projectDirPath = "";
			projectRoot = "";
			targets = (
				63D5CFAFE5BA03583C3384DB /* QBBrandOS */,
				B36F6E50881D78008A9D2126 /* QBBrandOSUITests */,
			);
		};
/* End PBXProject section */

/* Begin PBXResourcesBuildPhase section */
		9F47757621C9508C5B1CB4AD /* Resources */ = {
			isa = PBXResourcesBuildPhase;
			buildActionMask = 2147483647;
			files = (
				BCEFA2E12A135AD7F35B404E /* Assets.xcassets in Resources */,
				CB30FF61E959977E307E57CD /* Fraunces-Italic-VF.ttf in Resources */,
				3E6FB3FEF3B7C1A3E915C10B /* Fraunces-VF.ttf in Resources */,
				A95DC29923B40AF2438001C7 /* Inter-Italic-VF.ttf in Resources */,
				4062440FFC6DCA86654D8939 /* Inter-VF.ttf in Resources */,
				CF52CC4C5A39A6EAF414D56F /* JetBrainsMono-VF.ttf in Resources */,
				7BE40CA8333584918812FC3F /* OFL-Fraunces.txt in Resources */,
				07C89578B475DBCD46902CD0 /* OFL-Inter.txt in Resources */,
				A18985CA5378FFC5DA6402FD /* OFL-JetBrainsMono.txt in Resources */,
				44643CC11D621134CD350408 /* PrivacyInfo.xcprivacy in Resources */,
			);
			runOnlyForDeploymentPostprocessing = 0;
		};
/* End PBXResourcesBuildPhase section */

/* Begin PBXSourcesBuildPhase section */
		506C80C83442E1DE015A1F20 /* Sources */ = {
			isa = PBXSourcesBuildPhase;
			buildActionMask = 2147483647;
			files = (
				8BFC123685930A2CD7D61463 /* AppState.swift in Sources */,
				3041153E995AF10F2F7E9D58 /* HomeView.swift in Sources */,
				B377A3C7D192E960C5F857B4 /* OnboardingView.swift in Sources */,
				BEDBBCA88B703A2E0C0D35EF /* ProfileView.swift in Sources */,
				9A7AA0862D3F519AD3BDFFE2 /* QBAPI.swift in Sources */,
				8F5710675A5F738D8FD5E9F4 /* QBBrandOSApp.swift in Sources */,
				60FE9D4D7AB785C26DF63105 /* QBColor.swift in Sources */,
				E16E0C39B877E5D6E5F91E5F /* QBComponents.swift in Sources */,
				EE7853F1A7A527730EACC3E6 /* QBFont.swift in Sources */,
				D18CC41A38435BBE98B6AC0A /* QBMark.swift in Sources */,
				7BA6ABB68CCAAA2309FAA0A0 /* QBPModels.swift in Sources */,
				ED12BB50099CA0E3A20ABD1A /* RootView.swift in Sources */,
				E9F034E6CBAB4B6A9182DFF9 /* ScanEngine.swift in Sources */,
				7439304CBFEFFF837D8C061C /* ScanFlowView.swift in Sources */,
				0BEE6B7FA5A5CB0E0009012A /* ScanResultsView.swift in Sources */,
				EFA618EB91A9532A1C2A520A /* SettingsView.swift in Sources */,
				B4B271BAF7227FBE1D3BB1D5 /* SystemView.swift in Sources */,
			);
			runOnlyForDeploymentPostprocessing = 0;
		};
		5A7D2F10D53A381BD9F5F7A6 /* Sources */ = {
			isa = PBXSourcesBuildPhase;
			buildActionMask = 2147483647;
			files = (
				0CB9167F765EA66973058421 /* FullFlowTests.swift in Sources */,
			);
			runOnlyForDeploymentPostprocessing = 0;
		};
/* End PBXSourcesBuildPhase section */

/* Begin PBXTargetDependency section */
		BD2E4178BC34DF733E8F31C0 /* PBXTargetDependency */ = {
			isa = PBXTargetDependency;
			target = 63D5CFAFE5BA03583C3384DB /* QBBrandOS */;
			targetProxy = 4E03B76A0780FA1CA32B0297 /* PBXContainerItemProxy */;
		};
/* End PBXTargetDependency section */

/* Begin XCBuildConfiguration section */
		48ADFEC3A551CF84373E4174 /* Release */ = {
			isa = XCBuildConfiguration;
			buildSettings = {
				ALWAYS_SEARCH_USER_PATHS = NO;
				CLANG_ANALYZER_NONNULL = YES;
				CLANG_ANALYZER_NUMBER_OBJECT_CONVERSION = YES_AGGRESSIVE;
				CLANG_CXX_LANGUAGE_STANDARD = "gnu++14";
				CLANG_CXX_LIBRARY = "libc++";
				CLANG_ENABLE_MODULES = YES;
				CLANG_ENABLE_OBJC_ARC = YES;
				CLANG_ENABLE_OBJC_WEAK = YES;
				CLANG_WARN_BLOCK_CAPTURE_AUTORELEASING = YES;
				CLANG_WARN_BOOL_CONVERSION = YES;
				CLANG_WARN_COMMA = YES;
				CLANG_WARN_CONSTANT_CONVERSION = YES;
				CLANG_WARN_DEPRECATED_OBJC_IMPLEMENTATIONS = YES;
				CLANG_WARN_DIRECT_OBJC_ISA_USAGE = YES_ERROR;
				CLANG_WARN_DOCUMENTATION_COMMENTS = YES;
				CLANG_WARN_EMPTY_BODY = YES;
				CLANG_WARN_ENUM_CONVERSION = YES;
				CLANG_WARN_INFINITE_RECURSION = YES;
				CLANG_WARN_INT_CONVERSION = YES;
				CLANG_WARN_NON_LITERAL_NULL_CONVERSION = YES;
				CLANG_WARN_OBJC_IMPLICIT_RETAIN_SELF = YES;
				CLANG_WARN_OBJC_LITERAL_CONVERSION = YES;
				CLANG_WARN_OBJC_ROOT_CLASS = YES_ERROR;
				CLANG_WARN_QUOTED_INCLUDE_IN_FRAMEWORK_HEADER = YES;
				CLANG_WARN_RANGE_LOOP_ANALYSIS = YES;
				CLANG_WARN_STRICT_PROTOTYPES = YES;
				CLANG_WARN_SUSPICIOUS_MOVE = YES;
				CLANG_WARN_UNGUARDED_AVAILABILITY = YES_AGGRESSIVE;
				CLANG_WARN_UNREACHABLE_CODE = YES;
				CLANG_WARN__DUPLICATE_METHOD_MATCH = YES;
				CODE_SIGN_STYLE = Automatic;
				COPY_PHASE_STRIP = NO;
				CURRENT_PROJECT_VERSION = 1;
				DEBUG_INFORMATION_FORMAT = "dwarf-with-dsym";
				ENABLE_NS_ASSERTIONS = NO;
				ENABLE_STRICT_OBJC_MSGSEND = YES;
				ENABLE_USER_SCRIPT_SANDBOXING = YES;
				GCC_C_LANGUAGE_STANDARD = gnu11;
				GCC_NO_COMMON_BLOCKS = YES;
				GCC_WARN_64_TO_32_BIT_CONVERSION = YES;
				GCC_WARN_ABOUT_RETURN_TYPE = YES_ERROR;
				GCC_WARN_UNDECLARED_SELECTOR = YES;
				GCC_WARN_UNINITIALIZED_AUTOS = YES_AGGRESSIVE;
				GCC_WARN_UNUSED_FUNCTION = YES;
				GCC_WARN_UNUSED_VARIABLE = YES;
				IPHONEOS_DEPLOYMENT_TARGET = 17.0;
				MARKETING_VERSION = 1.0.0;
				MTL_ENABLE_DEBUG_INFO = NO;
				MTL_FAST_MATH = YES;
				PRODUCT_NAME = "$(TARGET_NAME)";
				SDKROOT = iphoneos;
				SWIFT_COMPILATION_MODE = wholemodule;
				SWIFT_OPTIMIZATION_LEVEL = "-O";
				SWIFT_VERSION = 5.9;
			};
			name = Release;
		};
		7C7B560ACF4AC1BFFAA3FD65 /* Debug */ = {
			isa = XCBuildConfiguration;
			buildSettings = {
				ALWAYS_SEARCH_USER_PATHS = NO;
				CLANG_ANALYZER_NONNULL = YES;
				CLANG_ANALYZER_NUMBER_OBJECT_CONVERSION = YES_AGGRESSIVE;
				CLANG_CXX_LANGUAGE_STANDARD = "gnu++14";
				CLANG_CXX_LIBRARY = "libc++";
				CLANG_ENABLE_MODULES = YES;
				CLANG_ENABLE_OBJC_ARC = YES;
				CLANG_ENABLE_OBJC_WEAK = YES;
				CLANG_WARN_BLOCK_CAPTURE_AUTORELEASING = YES;
				CLANG_WARN_BOOL_CONVERSION = YES;
				CLANG_WARN_COMMA = YES;
				CLANG_WARN_CONSTANT_CONVERSION = YES;
				CLANG_WARN_DEPRECATED_OBJC_IMPLEMENTATIONS = YES;
				CLANG_WARN_DIRECT_OBJC_ISA_USAGE = YES_ERROR;
				CLANG_WARN_DOCUMENTATION_COMMENTS = YES;
				CLANG_WARN_EMPTY_BODY = YES;
				CLANG_WARN_ENUM_CONVERSION = YES;
				CLANG_WARN_INFINITE_RECURSION = YES;
				CLANG_WARN_INT_CONVERSION = YES;
				CLANG_WARN_NON_LITERAL_NULL_CONVERSION = YES;
				CLANG_WARN_OBJC_IMPLICIT_RETAIN_SELF = YES;
				CLANG_WARN_OBJC_LITERAL_CONVERSION = YES;
				CLANG_WARN_OBJC_ROOT_CLASS = YES_ERROR;
				CLANG_WARN_QUOTED_INCLUDE_IN_FRAMEWORK_HEADER = YES;
				CLANG_WARN_RANGE_LOOP_ANALYSIS = YES;
				CLANG_WARN_STRICT_PROTOTYPES = YES;
				CLANG_WARN_SUSPICIOUS_MOVE = YES;
				CLANG_WARN_UNGUARDED_AVAILABILITY = YES_AGGRESSIVE;
				CLANG_WARN_UNREACHABLE_CODE = YES;
				CLANG_WARN__DUPLICATE_METHOD_MATCH = YES;
				CODE_SIGN_STYLE = Automatic;
				COPY_PHASE_STRIP = NO;
				CURRENT_PROJECT_VERSION = 1;
				DEBUG_INFORMATION_FORMAT = dwarf;
				ENABLE_STRICT_OBJC_MSGSEND = YES;
				ENABLE_TESTABILITY = YES;
				ENABLE_USER_SCRIPT_SANDBOXING = YES;
				GCC_C_LANGUAGE_STANDARD = gnu11;
				GCC_DYNAMIC_NO_PIC = NO;
				GCC_NO_COMMON_BLOCKS = YES;
				GCC_OPTIMIZATION_LEVEL = 0;
				GCC_PREPROCESSOR_DEFINITIONS = (
					"$(inherited)",
					"DEBUG=1",
				);
				GCC_WARN_64_TO_32_BIT_CONVERSION = YES;
				GCC_WARN_ABOUT_RETURN_TYPE = YES_ERROR;
				GCC_WARN_UNDECLARED_SELECTOR = YES;
				GCC_WARN_UNINITIALIZED_AUTOS = YES_AGGRESSIVE;
				GCC_WARN_UNUSED_FUNCTION = YES;
				GCC_WARN_UNUSED_VARIABLE = YES;
				IPHONEOS_DEPLOYMENT_TARGET = 17.0;
				MARKETING_VERSION = 1.0.0;
				MTL_ENABLE_DEBUG_INFO = INCLUDE_SOURCE;
				MTL_FAST_MATH = YES;
				ONLY_ACTIVE_ARCH = YES;
				PRODUCT_NAME = "$(TARGET_NAME)";
				SDKROOT = iphoneos;
				SWIFT_ACTIVE_COMPILATION_CONDITIONS = DEBUG;
				SWIFT_OPTIMIZATION_LEVEL = "-Onone";
				SWIFT_VERSION = 5.9;
			};
			name = Debug;
		};
		861878929FDC547165159F9D /* Debug */ = {
			isa = XCBuildConfiguration;
			buildSettings = {
				ASSETCATALOG_COMPILER_APPICON_NAME = AppIcon;
				CODE_SIGN_IDENTITY = "iPhone Developer";
				GENERATE_INFOPLIST_FILE = NO;
				INFOPLIST_FILE = QBBrandOS/Info.plist;
				INFOPLIST_KEY_LSApplicationCategoryType = "public.app-category.business";
				LD_RUNPATH_SEARCH_PATHS = (
					"$(inherited)",
					"@executable_path/Frameworks",
				);
				PRODUCT_BUNDLE_IDENTIFIER = ai.quantumbranding.qbbrandos;
				PRODUCT_NAME = QBBrandOS;
				SDKROOT = iphoneos;
				SUPPORTS_MACCATALYST = NO;
				SWIFT_EMIT_LOC_STRINGS = YES;
				TARGETED_DEVICE_FAMILY = 1;
			};
			name = Debug;
		};
		865109ACBBC2C556D55277E6 /* Release */ = {
			isa = XCBuildConfiguration;
			buildSettings = {
				BUNDLE_LOADER = "$(TEST_HOST)";
				GENERATE_INFOPLIST_FILE = YES;
				LD_RUNPATH_SEARCH_PATHS = (
					"$(inherited)",
					"@executable_path/Frameworks",
					"@loader_path/Frameworks",
				);
				PRODUCT_BUNDLE_IDENTIFIER = ai.quantumbranding.qbbrandos.uitests;
				SDKROOT = iphoneos;
				TARGETED_DEVICE_FAMILY = "1,2";
				TEST_TARGET_NAME = QBBrandOS;
			};
			name = Release;
		};
		BDB94255FE1F2DB1E2FF1107 /* Debug */ = {
			isa = XCBuildConfiguration;
			buildSettings = {
				BUNDLE_LOADER = "$(TEST_HOST)";
				GENERATE_INFOPLIST_FILE = YES;
				LD_RUNPATH_SEARCH_PATHS = (
					"$(inherited)",
					"@executable_path/Frameworks",
					"@loader_path/Frameworks",
				);
				PRODUCT_BUNDLE_IDENTIFIER = ai.quantumbranding.qbbrandos.uitests;
				SDKROOT = iphoneos;
				TARGETED_DEVICE_FAMILY = "1,2";
				TEST_TARGET_NAME = QBBrandOS;
			};
			name = Debug;
		};
		D38199C5C676C889356B6E63 /* Release */ = {
			isa = XCBuildConfiguration;
			buildSettings = {
				ASSETCATALOG_COMPILER_APPICON_NAME = AppIcon;
				CODE_SIGN_IDENTITY = "iPhone Developer";
				GENERATE_INFOPLIST_FILE = NO;
				INFOPLIST_FILE = QBBrandOS/Info.plist;
				INFOPLIST_KEY_LSApplicationCategoryType = "public.app-category.business";
				LD_RUNPATH_SEARCH_PATHS = (
					"$(inherited)",
					"@executable_path/Frameworks",
				);
				PRODUCT_BUNDLE_IDENTIFIER = ai.quantumbranding.qbbrandos;
				PRODUCT_NAME = QBBrandOS;
				SDKROOT = iphoneos;
				SUPPORTS_MACCATALYST = NO;
				SWIFT_EMIT_LOC_STRINGS = YES;
				TARGETED_DEVICE_FAMILY = 1;
			};
			name = Release;
		};
/* End XCBuildConfiguration section */

/* Begin XCConfigurationList section */
		6FE3F5B428E8D96945EA639F /* Build configuration list for PBXNativeTarget "QBBrandOSUITests" */ = {
			isa = XCConfigurationList;
			buildConfigurations = (
				BDB94255FE1F2DB1E2FF1107 /* Debug */,
				865109ACBBC2C556D55277E6 /* Release */,
			);
			defaultConfigurationIsVisible = 0;
			defaultConfigurationName = Debug;
		};
		9A71E133BFFCA2AED7BBADE2 /* Build configuration list for PBXProject "QBBrandOS" */ = {
			isa = XCConfigurationList;
			buildConfigurations = (
				7C7B560ACF4AC1BFFAA3FD65 /* Debug */,
				48ADFEC3A551CF84373E4174 /* Release */,
			);
			defaultConfigurationIsVisible = 0;
			defaultConfigurationName = Debug;
		};
		F85A44547A579D52E929259E /* Build configuration list for PBXNativeTarget "QBBrandOS" */ = {
			isa = XCConfigurationList;
			buildConfigurations = (
				861878929FDC547165159F9D /* Debug */,
				D38199C5C676C889356B6E63 /* Release */,
			);
			defaultConfigurationIsVisible = 0;
			defaultConfigurationName = Debug;
		};
/* End XCConfigurationList section */
	};
	rootObject = 7B5574C775AE72F485BD6D45 /* Project object */;
}
